
Microsoft Visual Studio Solution File, Format Version 12.00
# Visual Studio Version 16
VisualStudioVersion = 16.0.31613.86
MinimumVisualStudioVersion = 10.0.40219.1
Project("{9A19103F-16F7-4668-BE54-9A1E7A4F7556}") = "DioDocsBenchmarkApp1", "DioDocsBenchmarkApp1\DioDocsBenchmarkApp1.csproj", "{FD8FE49F-2273-4073-8A2A-1BD3AD2CBE69}"
EndProject
Global
	GlobalSection(SolutionConfigurationPlatforms) = preSolution
		Debug|Any CPU = Debug|Any CPU
		Release|Any CPU = Release|Any CPU
	EndGlobalSection
	GlobalSection(ProjectConfigurationPlatforms) = postSolution
		{FD8FE49F-2273-4073-8A2A-1BD3AD2CBE69}.Debug|Any CPU.ActiveCfg = Debug|Any CPU
		{FD8FE49F-2273-4073-8A2A-1BD3AD2CBE69}.Debug|Any CPU.Build.0 = Debug|Any CPU
		{FD8FE49F-2273-4073-8A2A-1BD3AD2CBE69}.Release|Any CPU.ActiveCfg = Release|Any CPU
		{FD8FE49F-2273-4073-8A2A-1BD3AD2CBE69}.Release|Any CPU.Build.0 = Release|Any CPU
	EndGlobalSection
	GlobalSection(SolutionProperties) = preSolution
		HideSolutionNode = FALSE
	EndGlobalSection
	GlobalSection(ExtensibilityGlobals) = postSolution
		SolutionGuid = {407FE85E-868C-4918-96E6-3F3C52A159DF}
	EndGlobalSection
EndGlobal
